
Microsoft Visual Studio Solution File, Format Version 12.00
# Visual Studio Version 17
VisualStudioVersion = 17.0.32014.148
MinimumVisualStudioVersion = 10.0.40219.1
Project("{9A19103F-16F7-4668-BE54-9A1E7A4F7556}") = "DeliveryKing.AuthAPI", "DeliveryKing.AuthAPI\DeliveryKing.AuthAPI.csproj", "{F81F8578-43A1-43F6-9070-A96434B6EB26}"
EndProject
Project("{9A19103F-16F7-4668-BE54-9A1E7A4F7556}") = "DeliveryKing.ViewModel", "DeliveryKing.ViewModel\DeliveryKing.ViewModel.csproj", "{3A56928C-7871-482B-A725-DC474D005178}"
EndProject
Project("{9A19103F-16F7-4668-BE54-9A1E7A4F7556}") = "DeliveryKing.Core", "DeliveryKing.Core\DeliveryKing.Core.csproj", "{86BD5C4B-648D-4CBB-A7C6-D1F13258BC2C}"
EndProject
Global
	GlobalSection(SolutionConfigurationPlatforms) = preSolution
		Debug|Any CPU = Debug|Any CPU
		Release|Any CPU = Release|Any CPU
	EndGlobalSection
	GlobalSection(ProjectConfigurationPlatforms) = postSolution
		{F81F8578-43A1-43F6-9070-A96434B6EB26}.Debug|Any CPU.ActiveCfg = Debug|Any CPU
		{F81F8578-43A1-43F6-9070-A96434B6EB26}.Debug|Any CPU.Build.0 = Debug|Any CPU
		{F81F8578-43A1-43F6-9070-A96434B6EB26}.Release|Any CPU.ActiveCfg = Release|Any CPU
		{F81F8578-43A1-43F6-9070-A96434B6EB26}.Release|Any CPU.Build.0 = Release|Any CPU
		{3A56928C-7871-482B-A725-DC474D005178}.Debug|Any CPU.ActiveCfg = Debug|Any CPU
		{3A56928C-7871-482B-A725-DC474D005178}.Debug|Any CPU.Build.0 = Debug|Any CPU
		{3A56928C-7871-482B-A725-DC474D005178}.Release|Any CPU.ActiveCfg = Release|Any CPU
		{3A56928C-7871-482B-A725-DC474D005178}.Release|Any CPU.Build.0 = Release|Any CPU
		{86BD5C4B-648D-4CBB-A7C6-D1F13258BC2C}.Debug|Any CPU.ActiveCfg = Debug|Any CPU
		{86BD5C4B-648D-4CBB-A7C6-D1F13258BC2C}.Debug|Any CPU.Build.0 = Debug|Any CPU
		{86BD5C4B-648D-4CBB-A7C6-D1F13258BC2C}.Release|Any CPU.ActiveCfg = Release|Any CPU
		{86BD5C4B-648D-4CBB-A7C6-D1F13258BC2C}.Release|Any CPU.Build.0 = Release|Any CPU
	EndGlobalSection
	GlobalSection(SolutionProperties) = preSolution
		HideSolutionNode = FALSE
	EndGlobalSection
	GlobalSection(ExtensibilityGlobals) = postSolution
		SolutionGuid = {36458F31-356F-4F3F-94B5-54E14D9AC968}
	EndGlobalSection
EndGlobal
